// !$*UTF8*$!
{
	archiveVersion = 1;
	classes = {
	};
	objectVersion = 77;
	objects = {

/* Begin PBXBuildFile section */
		0EF44F45B3E8F68F14286254 /* SystemConfiguration.framework in Frameworks */ = {isa = PBXBuildFile; fileRef = 06391987C9AB3E7800B37059 /* SystemConfiguration.framework */; };
		19E548698C37BF5B15C78193 /* MPLauncherAppDelegate.m in Sources */ = {isa = PBXBuildFile; fileRef = D3944B14FC3A5618091C83F5 /* MPLauncherAppDelegate.m */; };
		25DD4015D3294CD964000A8F /* meta.config in Resources */ = {isa = PBXBuildFile; fileRef = 77EE4152A888FD78B3BFC246 /* meta.config */; };
		69947E712AAB349C28AA0C91 /* MPTabBarController.m in Sources */ = {isa = PBXBuildFile; fileRef = C6A978938BC35EF430B8D7AB /* MPTabBarController.m */; };
		7BEE0755C1CE369A09788610 /* Images_mPaaS.xcassets in Resources */ = {isa = PBXBuildFile; fileRef = F845FA05AC58DE47C2AD2DCD /* Images_mPaaS.xcassets */; };
		8285D9E7769CBC0DCAB00D54 /* DemoViewController.m in Sources */ = {isa = PBXBuildFile; fileRef = 732CED32D221AA2A49DC4A88 /* DemoViewController.m */; };
		9769FA5C6D63F580844C75F2 /* MPaaSInterface+CooNetwork.m in Sources */ = {isa = PBXBuildFile; fileRef = EFE060E3D3671AD06305CC48 /* MPaaSInterface+CooNetwork.m */; };
		B376B469BAF1AD3FBDC6916D /* CoreTelephony.framework in Frameworks */ = {isa = PBXBuildFile; fileRef = FD93EA07F4787BD78FAE8770 /* CoreTelephony.framework */; };
		B531F7A61A1BDD98733E3E1C /* DTFrameworkInterface+CooNetwork.m in Sources */ = {isa = PBXBuildFile; fileRef = 05F82E0272F1E0FE3F95D80F /* DTFrameworkInterface+CooNetwork.m */; };
		C9CBB425D9D75DCED607DCCF /* MobileRuntime.plist in Resources */ = {isa = PBXBuildFile; fileRef = 1C8A22E0F852684DCABBC6C0 /* MobileRuntime.plist */; };
		FA5DDB46D4D02AD916163DD4 /* Pods_CooNetwork.framework in Frameworks */ = {isa = PBXBuildFile; fileRef = 91160050F613CD806A42B3DA /* Pods_CooNetwork.framework */; };
		FB7B15592E17641100335C0F /* yw_1222.jpg in Resources */ = {isa = PBXBuildFile; fileRef = FB7B15582E17641100335C0F /* yw_1222.jpg */; };
/* End PBXBuildFile section */

/* Begin PBXContainerItemProxy section */
		FB78FC522E015421008A96E6 /* PBXContainerItemProxy */ = {
			isa = PBXContainerItemProxy;
			containerPortal = FB78FC332E01541E008A96E6 /* Project object */;
			proxyType = 1;
			remoteGlobalIDString = FB78FC3A2E01541E008A96E6;
			remoteInfo = CooNetwork;
		};
		FB78FC5C2E015421008A96E6 /* PBXContainerItemProxy */ = {
			isa = PBXContainerItemProxy;
			containerPortal = FB78FC332E01541E008A96E6 /* Project object */;
			proxyType = 1;
			remoteGlobalIDString = FB78FC3A2E01541E008A96E6;
			remoteInfo = CooNetwork;
		};
/* End PBXContainerItemProxy section */

/* Begin PBXFileReference section */
		05F82E0272F1E0FE3F95D80F /* DTFrameworkInterface+CooNetwork.m */ = {isa = PBXFileReference; includeInIndex = 1; lastKnownFileType = sourcecode.c.objc; path = "DTFrameworkInterface+CooNetwork.m"; sourceTree = "<group>"; };
		06391987C9AB3E7800B37059 /* SystemConfiguration.framework */ = {isa = PBXFileReference; lastKnownFileType = wrapper.framework; name = SystemConfiguration.framework; path = Platforms/iPhoneOS.platform/Developer/SDKs/iPhoneOS18.0.sdk/System/Library/Frameworks/SystemConfiguration.framework; sourceTree = DEVELOPER_DIR; };
		11221CA1B48C53549E7C8332 /* CooNetwork-Prefix.pch */ = {isa = PBXFileReference; includeInIndex = 1; lastKnownFileType = sourcecode.c.h; name = "CooNetwork-Prefix.pch"; path = "../../../CooNetwork/CooNetwork-Prefix.pch"; sourceTree = "<group>"; };
		1C8A22E0F852684DCABBC6C0 /* MobileRuntime.plist */ = {isa = PBXFileReference; includeInIndex = 1; lastKnownFileType = text.plist.xml; path = MobileRuntime.plist; sourceTree = "<group>"; };
		3D37F8764FEA3C0FA4A74406 /* CooNetwork-mPaaS-Headers.h */ = {isa = PBXFileReference; includeInIndex = 1; lastKnownFileType = sourcecode.c.h; path = "CooNetwork-mPaaS-Headers.h"; sourceTree = "<group>"; };
		732CED32D221AA2A49DC4A88 /* DemoViewController.m */ = {isa = PBXFileReference; includeInIndex = 1; lastKnownFileType = sourcecode.c.objc; path = DemoViewController.m; sourceTree = "<group>"; };
		77EE4152A888FD78B3BFC246 /* meta.config */ = {isa = PBXFileReference; includeInIndex = 1; lastKnownFileType = text; path = meta.config; sourceTree = "<group>"; };
		7D01E047CF009E4353B1BBA8 /* MPaaSInterface+CooNetwork.h */ = {isa = PBXFileReference; includeInIndex = 1; lastKnownFileType = sourcecode.c.h; path = "MPaaSInterface+CooNetwork.h"; sourceTree = "<group>"; };
		91160050F613CD806A42B3DA /* Pods_CooNetwork.framework */ = {isa = PBXFileReference; explicitFileType = wrapper.framework; includeInIndex = 0; path = Pods_CooNetwork.framework; sourceTree = BUILT_PRODUCTS_DIR; };
		A657CAE772F2B7260C02CF71 /* Pods-CooNetwork.debug.xcconfig */ = {isa = PBXFileReference; includeInIndex = 1; lastKnownFileType = text.xcconfig; name = "Pods-CooNetwork.debug.xcconfig"; path = "Target Support Files/Pods-CooNetwork/Pods-CooNetwork.debug.xcconfig"; sourceTree = "<group>"; };
		BA6522CFE24C7D859F178F5F /* Pods-CooNetwork.release.xcconfig */ = {isa = PBXFileReference; includeInIndex = 1; lastKnownFileType = text.xcconfig; name = "Pods-CooNetwork.release.xcconfig"; path = "Target Support Files/Pods-CooNetwork/Pods-CooNetwork.release.xcconfig"; sourceTree = "<group>"; };
		C6A978938BC35EF430B8D7AB /* MPTabBarController.m */ = {isa = PBXFileReference; includeInIndex = 1; lastKnownFileType = sourcecode.c.objc; path = MPTabBarController.m; sourceTree = "<group>"; };
		C7FF91538A65AAB58FEA27A9 /* DTFrameworkInterface+CooNetwork.h */ = {isa = PBXFileReference; includeInIndex = 1; lastKnownFileType = sourcecode.c.h; path = "DTFrameworkInterface+CooNetwork.h"; sourceTree = "<group>"; };
		D15B2D2615E9E985918D08CB /* MPTabBarController.h */ = {isa = PBXFileReference; includeInIndex = 1; lastKnownFileType = sourcecode.c.h; path = MPTabBarController.h; sourceTree = "<group>"; };
		D3944B14FC3A5618091C83F5 /* MPLauncherAppDelegate.m */ = {isa = PBXFileReference; includeInIndex = 1; lastKnownFileType = sourcecode.c.objc; path = MPLauncherAppDelegate.m; sourceTree = "<group>"; };
		EFE060E3D3671AD06305CC48 /* MPaaSInterface+CooNetwork.m */ = {isa = PBXFileReference; includeInIndex = 1; lastKnownFileType = sourcecode.c.objc; path = "MPaaSInterface+CooNetwork.m"; sourceTree = "<group>"; };
		F21013613310DD93A3D26A48 /* MPLauncherAppDelegate.h */ = {isa = PBXFileReference; includeInIndex = 1; lastKnownFileType = sourcecode.c.h; path = MPLauncherAppDelegate.h; sourceTree = "<group>"; };
		F845FA05AC58DE47C2AD2DCD /* Images_mPaaS.xcassets */ = {isa = PBXFileReference; includeInIndex = 1; lastKnownFileType = folder.assetcatalog; path = Images_mPaaS.xcassets; sourceTree = "<group>"; };
		FB78FC3B2E01541E008A96E6 /* CooNetwork.app */ = {isa = PBXFileReference; explicitFileType = wrapper.application; includeInIndex = 0; path = CooNetwork.app; sourceTree = BUILT_PRODUCTS_DIR; };
		FB78FC512E015421008A96E6 /* CooNetworkTests.xctest */ = {isa = PBXFileReference; explicitFileType = wrapper.cfbundle; includeInIndex = 0; path = CooNetworkTests.xctest; sourceTree = BUILT_PRODUCTS_DIR; };
		FB78FC5B2E015421008A96E6 /* CooNetworkUITests.xctest */ = {isa = PBXFileReference; explicitFileType = wrapper.cfbundle; includeInIndex = 0; path = CooNetworkUITests.xctest; sourceTree = BUILT_PRODUCTS_DIR; };
		FB7B15582E17641100335C0F /* yw_1222.jpg */ = {isa = PBXFileReference; lastKnownFileType = image.jpeg; path = yw_1222.jpg; sourceTree = "<group>"; };
		FBCBF50E7AC2A36A479C5E2A /* DemoViewController.h */ = {isa = PBXFileReference; includeInIndex = 1; lastKnownFileType = sourcecode.c.h; path = DemoViewController.h; sourceTree = "<group>"; };
		FD93EA07F4787BD78FAE8770 /* CoreTelephony.framework */ = {isa = PBXFileReference; lastKnownFileType = wrapper.framework; name = CoreTelephony.framework; path = Platforms/iPhoneOS.platform/Developer/SDKs/iPhoneOS18.0.sdk/System/Library/Frameworks/CoreTelephony.framework; sourceTree = DEVELOPER_DIR; };
/* End PBXFileReference section */

/* Begin PBXFileSystemSynchronizedBuildFileExceptionSet section */
		FB78FC632E015421008A96E6 /* Exceptions for "CooNetwork" folder in "CooNetwork" target */ = {
			isa = PBXFileSystemSynchronizedBuildFileExceptionSet;
			membershipExceptions = (
				actor_test/TaskContextTest.swift,
				Info.plist,
			);
			target = FB78FC3A2E01541E008A96E6 /* CooNetwork */;
		};
		FB8F11332E2A3AB600541C1E /* Exceptions for "CNtk" folder in "CooNetwork" target */ = {
			isa = PBXFileSystemSynchronizedBuildFileExceptionSet;
			membershipExceptions = (
				"doc/大规模线程池验证.swift",
				"doc/极端饥饿演示.swift",
				"doc/简单线程池验证.swift",
				"doc/简化饥饿演示.swift",
				"doc/深入验证线程共用条件.swift",
				"doc/线程池容量与阻塞任务分析.swift",
				"doc/严格原始例子测试.swift",
				"doc/验证线程空闲时任务执行.swift",
				"doc/验证用户线程池理论.swift",
				"doc/验证优先级线程关系.swift",
				"doc/真正无限循环测试.swift",
				"doc/阻塞vs协作式挂起演示.swift",
				"doc/Actor注释对比测试.swift",
				doc/concurrencyschedulingtest.swift,
				"doc/Task调度饥饿验证.swift",
				doc/threadarchitecturetest.swift,
			);
			target = FB78FC3A2E01541E008A96E6 /* CooNetwork */;
		};
/* End PBXFileSystemSynchronizedBuildFileExceptionSet section */

/* Begin PBXFileSystemSynchronizedRootGroup section */
		FB78FC3D2E01541E008A96E6 /* CooNetwork */ = {
			isa = PBXFileSystemSynchronizedRootGroup;
			exceptions = (
				FB78FC632E015421008A96E6 /* Exceptions for "CooNetwork" folder in "CooNetwork" target */,
			);
			path = CooNetwork;
			sourceTree = "<group>";
		};
		FB78FC542E015421008A96E6 /* CooNetworkTests */ = {
			isa = PBXFileSystemSynchronizedRootGroup;
			path = CooNetworkTests;
			sourceTree = "<group>";
		};
		FB78FC5E2E015421008A96E6 /* CooNetworkUITests */ = {
			isa = PBXFileSystemSynchronizedRootGroup;
			path = CooNetworkUITests;
			sourceTree = "<group>";
		};
		FB78FC792E0154A0008A96E6 /* CNtk */ = {
			isa = PBXFileSystemSynchronizedRootGroup;
			exceptions = (
				FB8F11332E2A3AB600541C1E /* Exceptions for "CNtk" folder in "CooNetwork" target */,
			);
			path = CNtk;
			sourceTree = "<group>";
		};
/* End PBXFileSystemSynchronizedRootGroup section */

/* Begin PBXFrameworksBuildPhase section */
		FB78FC382E01541E008A96E6 /* Frameworks */ = {
			isa = PBXFrameworksBuildPhase;
			buildActionMask = 2147483647;
			files = (
				FA5DDB46D4D02AD916163DD4 /* Pods_CooNetwork.framework in Frameworks */,
				B376B469BAF1AD3FBDC6916D /* CoreTelephony.framework in Frameworks */,
				0EF44F45B3E8F68F14286254 /* SystemConfiguration.framework in Frameworks */,
			);
			runOnlyForDeploymentPostprocessing = 0;
		};
		FB78FC4E2E015421008A96E6 /* Frameworks */ = {
			isa = PBXFrameworksBuildPhase;
			buildActionMask = 2147483647;
			files = (
			);
			runOnlyForDeploymentPostprocessing = 0;
		};
		FB78FC582E015421008A96E6 /* Frameworks */ = {
			isa = PBXFrameworksBuildPhase;
			buildActionMask = 2147483647;
			files = (
			);
			runOnlyForDeploymentPostprocessing = 0;
		};
/* End PBXFrameworksBuildPhase section */

/* Begin PBXGroup section */
		058A60D64B1371983BE12BA8 /* Frameworks */ = {
			isa = PBXGroup;
			children = (
				91160050F613CD806A42B3DA /* Pods_CooNetwork.framework */,
				80D764F631011E5351FB18C1 /* iOS */,
			);
			name = Frameworks;
			sourceTree = "<group>";
		};
		0707303D5C281F553D1084BC /* CooNetwork */ = {
			isa = PBXGroup;
			children = (
				FB7B15582E17641100335C0F /* yw_1222.jpg */,
				77EE4152A888FD78B3BFC246 /* meta.config */,
				3D37F8764FEA3C0FA4A74406 /* CooNetwork-mPaaS-Headers.h */,
				11221CA1B48C53549E7C8332 /* CooNetwork-Prefix.pch */,
				2B836C62FB064C223A541069 /* mPaas */,
				D4DF1F707BBAA14E5D1946A3 /* APMobileFramework */,
			);
			path = CooNetwork;
			sourceTree = "<group>";
		};
		1E295A008C16A1871F4E14FE /* Targets */ = {
			isa = PBXGroup;
			children = (
				0707303D5C281F553D1084BC /* CooNetwork */,
			);
			path = Targets;
			sourceTree = "<group>";
		};
		2B836C62FB064C223A541069 /* mPaas */ = {
			isa = PBXGroup;
			children = (
				7D01E047CF009E4353B1BBA8 /* MPaaSInterface+CooNetwork.h */,
				EFE060E3D3671AD06305CC48 /* MPaaSInterface+CooNetwork.m */,
			);
			path = mPaas;
			sourceTree = "<group>";
		};
		6D9CC04D8C3DDCD4F97883F0 /* Pods */ = {
			isa = PBXGroup;
			children = (
				A657CAE772F2B7260C02CF71 /* Pods-CooNetwork.debug.xcconfig */,
				BA6522CFE24C7D859F178F5F /* Pods-CooNetwork.release.xcconfig */,
			);
			path = Pods;
			sourceTree = "<group>";
		};
		735C9A99DF69C9C0DB12B6AF /* MPaaS */ = {
			isa = PBXGroup;
			children = (
				1E295A008C16A1871F4E14FE /* Targets */,
			);
			path = MPaaS;
			sourceTree = "<group>";
		};
		80D764F631011E5351FB18C1 /* iOS */ = {
			isa = PBXGroup;
			children = (
				FD93EA07F4787BD78FAE8770 /* CoreTelephony.framework */,
				06391987C9AB3E7800B37059 /* SystemConfiguration.framework */,
			);
			name = iOS;
			sourceTree = "<group>";
		};
		D4DF1F707BBAA14E5D1946A3 /* APMobileFramework */ = {
			isa = PBXGroup;
			children = (
				C7FF91538A65AAB58FEA27A9 /* DTFrameworkInterface+CooNetwork.h */,
				05F82E0272F1E0FE3F95D80F /* DTFrameworkInterface+CooNetwork.m */,
				1C8A22E0F852684DCABBC6C0 /* MobileRuntime.plist */,
				F845FA05AC58DE47C2AD2DCD /* Images_mPaaS.xcassets */,
				F21013613310DD93A3D26A48 /* MPLauncherAppDelegate.h */,
				D3944B14FC3A5618091C83F5 /* MPLauncherAppDelegate.m */,
				D15B2D2615E9E985918D08CB /* MPTabBarController.h */,
				C6A978938BC35EF430B8D7AB /* MPTabBarController.m */,
				FBCBF50E7AC2A36A479C5E2A /* DemoViewController.h */,
				732CED32D221AA2A49DC4A88 /* DemoViewController.m */,
			);
			path = APMobileFramework;
			sourceTree = "<group>";
		};
		FB78FC322E01541E008A96E6 = {
			isa = PBXGroup;
			children = (
				FB78FC792E0154A0008A96E6 /* CNtk */,
				FB78FC3D2E01541E008A96E6 /* CooNetwork */,
				FB78FC542E015421008A96E6 /* CooNetworkTests */,
				FB78FC5E2E015421008A96E6 /* CooNetworkUITests */,
				FB78FC3C2E01541E008A96E6 /* Products */,
				6D9CC04D8C3DDCD4F97883F0 /* Pods */,
				058A60D64B1371983BE12BA8 /* Frameworks */,
				735C9A99DF69C9C0DB12B6AF /* MPaaS */,
			);
			sourceTree = "<group>";
		};
		FB78FC3C2E01541E008A96E6 /* Products */ = {
			isa = PBXGroup;
			children = (
				FB78FC3B2E01541E008A96E6 /* CooNetwork.app */,
				FB78FC512E015421008A96E6 /* CooNetworkTests.xctest */,
				FB78FC5B2E015421008A96E6 /* CooNetworkUITests.xctest */,
			);
			name = Products;
			sourceTree = "<group>";
		};
/* End PBXGroup section */

/* Begin PBXNativeTarget section */
		FB78FC3A2E01541E008A96E6 /* CooNetwork */ = {
			isa = PBXNativeTarget;
			buildConfigurationList = FB78FC642E015421008A96E6 /* Build configuration list for PBXNativeTarget "CooNetwork" */;
			buildPhases = (
				29750A1A29CB0D0FC931173E /* [CP] Check Pods Manifest.lock */,
				FB78FC372E01541E008A96E6 /* Sources */,
				FB78FC382E01541E008A96E6 /* Frameworks */,
				FB78FC392E01541E008A96E6 /* Resources */,
				3CD584813737CA8707C2CA73 /* [CP] Embed Pods Frameworks */,
				AC2887470E48C5D8C43D6490 /* [CP] Copy Pods Resources */,
			);
			buildRules = (
			);
			dependencies = (
			);
			fileSystemSynchronizedGroups = (
				FB78FC3D2E01541E008A96E6 /* CooNetwork */,
				FB78FC792E0154A0008A96E6 /* CNtk */,
			);
			name = CooNetwork;
			productName = CooNetwork;
			productReference = FB78FC3B2E01541E008A96E6 /* CooNetwork.app */;
			productType = "com.apple.product-type.application";
		};
		FB78FC502E015421008A96E6 /* CooNetworkTests */ = {
			isa = PBXNativeTarget;
			buildConfigurationList = FB78FC692E015421008A96E6 /* Build configuration list for PBXNativeTarget "CooNetworkTests" */;
			buildPhases = (
				FB78FC4D2E015421008A96E6 /* Sources */,
				FB78FC4E2E015421008A96E6 /* Frameworks */,
				FB78FC4F2E015421008A96E6 /* Resources */,
			);
			buildRules = (
			);
			dependencies = (
				FB78FC532E015421008A96E6 /* PBXTargetDependency */,
			);
			fileSystemSynchronizedGroups = (
				FB78FC542E015421008A96E6 /* CooNetworkTests */,
			);
			name = CooNetworkTests;
			productName = CooNetworkTests;
			productReference = FB78FC512E015421008A96E6 /* CooNetworkTests.xctest */;
			productType = "com.apple.product-type.bundle.unit-test";
		};
		FB78FC5A2E015421008A96E6 /* CooNetworkUITests */ = {
			isa = PBXNativeTarget;
			buildConfigurationList = FB78FC6C2E015421008A96E6 /* Build configuration list for PBXNativeTarget "CooNetworkUITests" */;
			buildPhases = (
				FB78FC572E015421008A96E6 /* Sources */,
				FB78FC582E015421008A96E6 /* Frameworks */,
				FB78FC592E015421008A96E6 /* Resources */,
			);
			buildRules = (
			);
			dependencies = (
				FB78FC5D2E015421008A96E6 /* PBXTargetDependency */,
			);
			fileSystemSynchronizedGroups = (
				FB78FC5E2E015421008A96E6 /* CooNetworkUITests */,
			);
			name = CooNetworkUITests;
			productName = CooNetworkUITests;
			productReference = FB78FC5B2E015421008A96E6 /* CooNetworkUITests.xctest */;
			productType = "com.apple.product-type.bundle.ui-testing";
		};
/* End PBXNativeTarget section */

/* Begin PBXProject section */
		FB78FC332E01541E008A96E6 /* Project object */ = {
			isa = PBXProject;
			attributes = {
				BuildIndependentTargetsInParallel = 1;
				LastSwiftUpdateCheck = 1630;
				LastUpgradeCheck = 1630;
				TargetAttributes = {
					FB78FC3A2E01541E008A96E6 = {
						CreatedOnToolsVersion = 16.3;
						LastSwiftMigration = 1630;
					};
					FB78FC502E015421008A96E6 = {
						CreatedOnToolsVersion = 16.3;
						TestTargetID = FB78FC3A2E01541E008A96E6;
					};
					FB78FC5A2E015421008A96E6 = {
						CreatedOnToolsVersion = 16.3;
						TestTargetID = FB78FC3A2E01541E008A96E6;
					};
				};
			};
			buildConfigurationList = FB78FC362E01541E008A96E6 /* Build configuration list for PBXProject "CooNetwork" */;
			developmentRegion = en;
			hasScannedForEncodings = 0;
			knownRegions = (
				en,
				Base,
			);
			mainGroup = FB78FC322E01541E008A96E6;
			minimizedProjectReferenceProxies = 1;
			preferredProjectObjectVersion = 77;
			productRefGroup = FB78FC3C2E01541E008A96E6 /* Products */;
			projectDirPath = "";
			projectRoot = "";
			targets = (
				FB78FC3A2E01541E008A96E6 /* CooNetwork */,
				FB78FC502E015421008A96E6 /* CooNetworkTests */,
				FB78FC5A2E015421008A96E6 /* CooNetworkUITests */,
			);
		};
/* End PBXProject section */

/* Begin PBXResourcesBuildPhase section */
		FB78FC392E01541E008A96E6 /* Resources */ = {
			isa = PBXResourcesBuildPhase;
			buildActionMask = 2147483647;
			files = (
				25DD4015D3294CD964000A8F /* meta.config in Resources */,
				FB7B15592E17641100335C0F /* yw_1222.jpg in Resources */,
				C9CBB425D9D75DCED607DCCF /* MobileRuntime.plist in Resources */,
				7BEE0755C1CE369A09788610 /* Images_mPaaS.xcassets in Resources */,
			);
			runOnlyForDeploymentPostprocessing = 0;
		};
		FB78FC4F2E015421008A96E6 /* Resources */ = {
			isa = PBXResourcesBuildPhase;
			buildActionMask = 2147483647;
			files = (
			);
			runOnlyForDeploymentPostprocessing = 0;
		};
		FB78FC592E015421008A96E6 /* Resources */ = {
			isa = PBXResourcesBuildPhase;
			buildActionMask = 2147483647;
			files = (
			);
			runOnlyForDeploymentPostprocessing = 0;
		};
/* End PBXResourcesBuildPhase section */

/* Begin PBXShellScriptBuildPhase section */
		29750A1A29CB0D0FC931173E /* [CP] Check Pods Manifest.lock */ = {
			isa = PBXShellScriptBuildPhase;
			buildActionMask = 2147483647;
			files = (
			);
			inputFileListPaths = (
			);
			inputPaths = (
				"${PODS_PODFILE_DIR_PATH}/Podfile.lock",
				"${PODS_ROOT}/Manifest.lock",
			);
			name = "[CP] Check Pods Manifest.lock";
			outputFileListPaths = (
			);
			outputPaths = (
				"$(DERIVED_FILE_DIR)/Pods-CooNetwork-checkManifestLockResult.txt",
			);
			runOnlyForDeploymentPostprocessing = 0;
			shellPath = /bin/sh;
			shellScript = "diff \"${PODS_PODFILE_DIR_PATH}/Podfile.lock\" \"${PODS_ROOT}/Manifest.lock\" > /dev/null\nif [ $? != 0 ] ; then\n    # print error to STDERR\n    echo \"error: The sandbox is not in sync with the Podfile.lock. Run 'pod install' or update your CocoaPods installation.\" >&2\n    exit 1\nfi\n# This output is used by Xcode 'outputs' to avoid re-running this script phase.\necho \"SUCCESS\" > \"${SCRIPT_OUTPUT_FILE_0}\"\n";
			showEnvVarsInLog = 0;
		};
		3CD584813737CA8707C2CA73 /* [CP] Embed Pods Frameworks */ = {
			isa = PBXShellScriptBuildPhase;
			buildActionMask = 2147483647;
			files = (
			);
			inputFileListPaths = (
				"${PODS_ROOT}/Target Support Files/Pods-CooNetwork/Pods-CooNetwork-frameworks-${CONFIGURATION}-input-files.xcfilelist",
			);
			inputPaths = (
			);
			name = "[CP] Embed Pods Frameworks";
			outputFileListPaths = (
				"${PODS_ROOT}/Target Support Files/Pods-CooNetwork/Pods-CooNetwork-frameworks-${CONFIGURATION}-output-files.xcfilelist",
			);
			outputPaths = (
			);
			runOnlyForDeploymentPostprocessing = 0;
			shellPath = /bin/sh;
			shellScript = "\"${PODS_ROOT}/Target Support Files/Pods-CooNetwork/Pods-CooNetwork-frameworks.sh\"\n";
			showEnvVarsInLog = 0;
		};
		AC2887470E48C5D8C43D6490 /* [CP] Copy Pods Resources */ = {
			isa = PBXShellScriptBuildPhase;
			buildActionMask = 2147483647;
			files = (
			);
			inputFileListPaths = (
				"${PODS_ROOT}/Target Support Files/Pods-CooNetwork/Pods-CooNetwork-resources-${CONFIGURATION}-input-files.xcfilelist",
			);
			inputPaths = (
			);
			name = "[CP] Copy Pods Resources";
			outputFileListPaths = (
				"${PODS_ROOT}/Target Support Files/Pods-CooNetwork/Pods-CooNetwork-resources-${CONFIGURATION}-output-files.xcfilelist",
			);
			outputPaths = (
			);
			runOnlyForDeploymentPostprocessing = 0;
			shellPath = /bin/sh;
			shellScript = "\"${PODS_ROOT}/Target Support Files/Pods-CooNetwork/Pods-CooNetwork-resources.sh\"\n";
			showEnvVarsInLog = 0;
		};
/* End PBXShellScriptBuildPhase section */

/* Begin PBXSourcesBuildPhase section */
		FB78FC372E01541E008A96E6 /* Sources */ = {
			isa = PBXSourcesBuildPhase;
			buildActionMask = 2147483647;
			files = (
				9769FA5C6D63F580844C75F2 /* MPaaSInterface+CooNetwork.m in Sources */,
				B531F7A61A1BDD98733E3E1C /* DTFrameworkInterface+CooNetwork.m in Sources */,
				19E548698C37BF5B15C78193 /* MPLauncherAppDelegate.m in Sources */,
				69947E712AAB349C28AA0C91 /* MPTabBarController.m in Sources */,
				8285D9E7769CBC0DCAB00D54 /* DemoViewController.m in Sources */,
			);
			runOnlyForDeploymentPostprocessing = 0;
		};
		FB78FC4D2E015421008A96E6 /* Sources */ = {
			isa = PBXSourcesBuildPhase;
			buildActionMask = 2147483647;
			files = (
			);
			runOnlyForDeploymentPostprocessing = 0;
		};
		FB78FC572E015421008A96E6 /* Sources */ = {
			isa = PBXSourcesBuildPhase;
			buildActionMask = 2147483647;
			files = (
			);
			runOnlyForDeploymentPostprocessing = 0;
		};
/* End PBXSourcesBuildPhase section */

/* Begin PBXTargetDependency section */
		FB78FC532E015421008A96E6 /* PBXTargetDependency */ = {
			isa = PBXTargetDependency;
			target = FB78FC3A2E01541E008A96E6 /* CooNetwork */;
			targetProxy = FB78FC522E015421008A96E6 /* PBXContainerItemProxy */;
		};
		FB78FC5D2E015421008A96E6 /* PBXTargetDependency */ = {
			isa = PBXTargetDependency;
			target = FB78FC3A2E01541E008A96E6 /* CooNetwork */;
			targetProxy = FB78FC5C2E015421008A96E6 /* PBXContainerItemProxy */;
		};
/* End PBXTargetDependency section */

/* Begin XCBuildConfiguration section */
		FB78FC652E015421008A96E6 /* Debug */ = {
			isa = XCBuildConfiguration;
			baseConfigurationReference = A657CAE772F2B7260C02CF71 /* Pods-CooNetwork.debug.xcconfig */;
			buildSettings = {
				ASSETCATALOG_COMPILER_APPICON_NAME = AppIcon;
				ASSETCATALOG_COMPILER_GLOBAL_ACCENT_COLOR_NAME = AccentColor;
				CLANG_ENABLE_MODULES = YES;
				"CODE_SIGN_IDENTITY[sdk=iphoneos*]" = "iPhone Developer";
				CODE_SIGN_STYLE = Manual;
				CURRENT_PROJECT_VERSION = 1;
				DEVELOPMENT_TEAM = "";
				"DEVELOPMENT_TEAM[sdk=iphoneos*]" = P9PF38G5WH;
				ENABLE_USER_SCRIPT_SANDBOXING = NO;
				GCC_PRECOMPILE_PREFIX_HEADER = YES;
				GCC_PREFIX_HEADER = "CooNetwork/CooNetwork-Prefix.pch";
				GENERATE_INFOPLIST_FILE = YES;
				INFOPLIST_FILE = CooNetwork/Info.plist;
				INFOPLIST_KEY_UIApplicationSupportsIndirectInputEvents = YES;
				INFOPLIST_KEY_UILaunchStoryboardName = LaunchScreen;
				INFOPLIST_KEY_UIMainStoryboardFile = Main;
				INFOPLIST_KEY_UISupportedInterfaceOrientations_iPad = "UIInterfaceOrientationPortrait UIInterfaceOrientationPortraitUpsideDown UIInterfaceOrientationLandscapeLeft UIInterfaceOrientationLandscapeRight";
				INFOPLIST_KEY_UISupportedInterfaceOrientations_iPhone = "UIInterfaceOrientationPortrait UIInterfaceOrientationLandscapeLeft UIInterfaceOrientationLandscapeRight";
				IPHONEOS_DEPLOYMENT_TARGET = 13.0;
				LD_RUNPATH_SEARCH_PATHS = (
					"$(inherited)",
					"@executable_path/Frameworks",
				);
				MARKETING_VERSION = 1.0;
				PRODUCT_BUNDLE_IDENTIFIER = com.bankofshanghai.emop;
				PRODUCT_NAME = "$(TARGET_NAME)";
				PROVISIONING_PROFILE_SPECIFIER = "";
				"PROVISIONING_PROFILE_SPECIFIER[sdk=iphoneos*]" = bos_emop_dev_20251125;
				SWIFT_EMIT_LOC_STRINGS = YES;
				SWIFT_OBJC_BRIDGING_HEADER = "CooNetwork/CooNetwork-Bridging-Header.h";
				SWIFT_OPTIMIZATION_LEVEL = "-Onone";
				SWIFT_STRICT_CONCURRENCY = complete;
				SWIFT_VERSION = 5.0;
				TARGETED_DEVICE_FAMILY = "1,2";
			};
			name = Debug;
		};
		FB78FC662E015421008A96E6 /* Release */ = {
			isa = XCBuildConfiguration;
			baseConfigurationReference = BA6522CFE24C7D859F178F5F /* Pods-CooNetwork.release.xcconfig */;
			buildSettings = {
				ASSETCATALOG_COMPILER_APPICON_NAME = AppIcon;
				ASSETCATALOG_COMPILER_GLOBAL_ACCENT_COLOR_NAME = AccentColor;
				CLANG_ENABLE_MODULES = YES;
				"CODE_SIGN_IDENTITY[sdk=iphoneos*]" = "iPhone Developer";
				CODE_SIGN_STYLE = Manual;
				CURRENT_PROJECT_VERSION = 1;
				DEVELOPMENT_TEAM = "";
				"DEVELOPMENT_TEAM[sdk=iphoneos*]" = P9PF38G5WH;
				ENABLE_USER_SCRIPT_SANDBOXING = NO;
				GCC_PRECOMPILE_PREFIX_HEADER = YES;
				GCC_PREFIX_HEADER = "CooNetwork/CooNetwork-Prefix.pch";
				GENERATE_INFOPLIST_FILE = YES;
				INFOPLIST_FILE = CooNetwork/Info.plist;
				INFOPLIST_KEY_UIApplicationSupportsIndirectInputEvents = YES;
				INFOPLIST_KEY_UILaunchStoryboardName = LaunchScreen;
				INFOPLIST_KEY_UIMainStoryboardFile = Main;
				INFOPLIST_KEY_UISupportedInterfaceOrientations_iPad = "UIInterfaceOrientationPortrait UIInterfaceOrientationPortraitUpsideDown UIInterfaceOrientationLandscapeLeft UIInterfaceOrientationLandscapeRight";
				INFOPLIST_KEY_UISupportedInterfaceOrientations_iPhone = "UIInterfaceOrientationPortrait UIInterfaceOrientationLandscapeLeft UIInterfaceOrientationLandscapeRight";
				IPHONEOS_DEPLOYMENT_TARGET = 13.0;
				LD_RUNPATH_SEARCH_PATHS = (
					"$(inherited)",
					"@executable_path/Frameworks",
				);
				MARKETING_VERSION = 1.0;
				PRODUCT_BUNDLE_IDENTIFIER = com.bankofshanghai.emop;
				PRODUCT_NAME = "$(TARGET_NAME)";
				PROVISIONING_PROFILE_SPECIFIER = "";
				"PROVISIONING_PROFILE_SPECIFIER[sdk=iphoneos*]" = bos_emop_dev_20251125;
				SWIFT_EMIT_LOC_STRINGS = YES;
				SWIFT_OBJC_BRIDGING_HEADER = "CooNetwork/CooNetwork-Bridging-Header.h";
				SWIFT_STRICT_CONCURRENCY = complete;
				SWIFT_VERSION = 5.0;
				TARGETED_DEVICE_FAMILY = "1,2";
			};
			name = Release;
		};
		FB78FC672E015421008A96E6 /* Debug */ = {
			isa = XCBuildConfiguration;
			buildSettings = {
				ALWAYS_SEARCH_USER_PATHS = NO;
				ASSETCATALOG_COMPILER_GENERATE_SWIFT_ASSET_SYMBOL_EXTENSIONS = YES;
				CLANG_ANALYZER_NONNULL = YES;
				CLANG_ANALYZER_NUMBER_OBJECT_CONVERSION = YES_AGGRESSIVE;
				CLANG_CXX_LANGUAGE_STANDARD = "gnu++20";
				CLANG_ENABLE_MODULES = YES;
				CLANG_ENABLE_OBJC_ARC = YES;
				CLANG_ENABLE_OBJC_WEAK = YES;
				CLANG_WARN_BLOCK_CAPTURE_AUTORELEASING = YES;
				CLANG_WARN_BOOL_CONVERSION = YES;
				CLANG_WARN_COMMA = YES;
				CLANG_WARN_CONSTANT_CONVERSION = YES;
				CLANG_WARN_DEPRECATED_OBJC_IMPLEMENTATIONS = YES;
				CLANG_WARN_DIRECT_OBJC_ISA_USAGE = YES_ERROR;
				CLANG_WARN_DOCUMENTATION_COMMENTS = YES;
				CLANG_WARN_EMPTY_BODY = YES;
				CLANG_WARN_ENUM_CONVERSION = YES;
				CLANG_WARN_INFINITE_RECURSION = YES;
				CLANG_WARN_INT_CONVERSION = YES;
				CLANG_WARN_NON_LITERAL_NULL_CONVERSION = YES;
				CLANG_WARN_OBJC_IMPLICIT_RETAIN_SELF = YES;
				CLANG_WARN_OBJC_LITERAL_CONVERSION = YES;
				CLANG_WARN_OBJC_ROOT_CLASS = YES_ERROR;
				CLANG_WARN_QUOTED_INCLUDE_IN_FRAMEWORK_HEADER = YES;
				CLANG_WARN_RANGE_LOOP_ANALYSIS = YES;
				CLANG_WARN_STRICT_PROTOTYPES = YES;
				CLANG_WARN_SUSPICIOUS_MOVE = YES;
				CLANG_WARN_UNGUARDED_AVAILABILITY = YES_AGGRESSIVE;
				CLANG_WARN_UNREACHABLE_CODE = YES;
				CLANG_WARN__DUPLICATE_METHOD_MATCH = YES;
				COPY_PHASE_STRIP = NO;
				DEBUG_INFORMATION_FORMAT = dwarf;
				DEVELOPMENT_TEAM = UQ35W3765Z;
				ENABLE_STRICT_OBJC_MSGSEND = YES;
				ENABLE_TESTABILITY = YES;
				ENABLE_USER_SCRIPT_SANDBOXING = YES;
				GCC_C_LANGUAGE_STANDARD = gnu17;
				GCC_DYNAMIC_NO_PIC = NO;
				GCC_NO_COMMON_BLOCKS = YES;
				GCC_OPTIMIZATION_LEVEL = 0;
				GCC_PREPROCESSOR_DEFINITIONS = (
					"DEBUG=1",
					"$(inherited)",
				);
				GCC_WARN_64_TO_32_BIT_CONVERSION = YES;
				GCC_WARN_ABOUT_RETURN_TYPE = YES_ERROR;
				GCC_WARN_UNDECLARED_SELECTOR = YES;
				GCC_WARN_UNINITIALIZED_AUTOS = YES_AGGRESSIVE;
				GCC_WARN_UNUSED_FUNCTION = YES;
				GCC_WARN_UNUSED_VARIABLE = YES;
				IPHONEOS_DEPLOYMENT_TARGET = 18.4;
				LOCALIZATION_PREFERS_STRING_CATALOGS = YES;
				MTL_ENABLE_DEBUG_INFO = INCLUDE_SOURCE;
				MTL_FAST_MATH = YES;
				ONLY_ACTIVE_ARCH = YES;
				SDKROOT = iphoneos;
				SWIFT_ACTIVE_COMPILATION_CONDITIONS = "DEBUG $(inherited)";
				SWIFT_OPTIMIZATION_LEVEL = "-Onone";
			};
			name = Debug;
		};
		FB78FC682E015421008A96E6 /* Release */ = {
			isa = XCBuildConfiguration;
			buildSettings = {
				ALWAYS_SEARCH_USER_PATHS = NO;
				ASSETCATALOG_COMPILER_GENERATE_SWIFT_ASSET_SYMBOL_EXTENSIONS = YES;
				CLANG_ANALYZER_NONNULL = YES;
				CLANG_ANALYZER_NUMBER_OBJECT_CONVERSION = YES_AGGRESSIVE;
				CLANG_CXX_LANGUAGE_STANDARD = "gnu++20";
				CLANG_ENABLE_MODULES = YES;
				CLANG_ENABLE_OBJC_ARC = YES;
				CLANG_ENABLE_OBJC_WEAK = YES;
				CLANG_WARN_BLOCK_CAPTURE_AUTORELEASING = YES;
				CLANG_WARN_BOOL_CONVERSION = YES;
				CLANG_WARN_COMMA = YES;
				CLANG_WARN_CONSTANT_CONVERSION = YES;
				CLANG_WARN_DEPRECATED_OBJC_IMPLEMENTATIONS = YES;
				CLANG_WARN_DIRECT_OBJC_ISA_USAGE = YES_ERROR;
				CLANG_WARN_DOCUMENTATION_COMMENTS = YES;
				CLANG_WARN_EMPTY_BODY = YES;
				CLANG_WARN_ENUM_CONVERSION = YES;
				CLANG_WARN_INFINITE_RECURSION = YES;
				CLANG_WARN_INT_CONVERSION = YES;
				CLANG_WARN_NON_LITERAL_NULL_CONVERSION = YES;
				CLANG_WARN_OBJC_IMPLICIT_RETAIN_SELF = YES;
				CLANG_WARN_OBJC_LITERAL_CONVERSION = YES;
				CLANG_WARN_OBJC_ROOT_CLASS = YES_ERROR;
				CLANG_WARN_QUOTED_INCLUDE_IN_FRAMEWORK_HEADER = YES;
				CLANG_WARN_RANGE_LOOP_ANALYSIS = YES;
				CLANG_WARN_STRICT_PROTOTYPES = YES;
				CLANG_WARN_SUSPICIOUS_MOVE = YES;
				CLANG_WARN_UNGUARDED_AVAILABILITY = YES_AGGRESSIVE;
				CLANG_WARN_UNREACHABLE_CODE = YES;
				CLANG_WARN__DUPLICATE_METHOD_MATCH = YES;
				COPY_PHASE_STRIP = NO;
				DEBUG_INFORMATION_FORMAT = "dwarf-with-dsym";
				DEVELOPMENT_TEAM = UQ35W3765Z;
				ENABLE_NS_ASSERTIONS = NO;
				ENABLE_STRICT_OBJC_MSGSEND = YES;
				ENABLE_USER_SCRIPT_SANDBOXING = YES;
				GCC_C_LANGUAGE_STANDARD = gnu17;
				GCC_NO_COMMON_BLOCKS = YES;
				GCC_WARN_64_TO_32_BIT_CONVERSION = YES;
				GCC_WARN_ABOUT_RETURN_TYPE = YES_ERROR;
				GCC_WARN_UNDECLARED_SELECTOR = YES;
				GCC_WARN_UNINITIALIZED_AUTOS = YES_AGGRESSIVE;
				GCC_WARN_UNUSED_FUNCTION = YES;
				GCC_WARN_UNUSED_VARIABLE = YES;
				IPHONEOS_DEPLOYMENT_TARGET = 18.4;
				LOCALIZATION_PREFERS_STRING_CATALOGS = YES;
				MTL_ENABLE_DEBUG_INFO = NO;
				MTL_FAST_MATH = YES;
				SDKROOT = iphoneos;
				SWIFT_COMPILATION_MODE = wholemodule;
				VALIDATE_PRODUCT = YES;
			};
			name = Release;
		};
		FB78FC6A2E015421008A96E6 /* Debug */ = {
			isa = XCBuildConfiguration;
			buildSettings = {
				BUNDLE_LOADER = "$(TEST_HOST)";
				CODE_SIGN_STYLE = Automatic;
				CURRENT_PROJECT_VERSION = 1;
				DEVELOPMENT_TEAM = UQ35W3765Z;
				GENERATE_INFOPLIST_FILE = YES;
				IPHONEOS_DEPLOYMENT_TARGET = 18.4;
				MARKETING_VERSION = 1.0;
				PRODUCT_BUNDLE_IDENTIFIER = com.coo.CooNetworkTests;
				PRODUCT_NAME = "$(TARGET_NAME)";
				SWIFT_EMIT_LOC_STRINGS = NO;
				SWIFT_VERSION = 5.0;
				TARGETED_DEVICE_FAMILY = "1,2";
				TEST_HOST = "$(BUILT_PRODUCTS_DIR)/CooNetwork.app/$(BUNDLE_EXECUTABLE_FOLDER_PATH)/CooNetwork";
			};
			name = Debug;
		};
		FB78FC6B2E015421008A96E6 /* Release */ = {
			isa = XCBuildConfiguration;
			buildSettings = {
				BUNDLE_LOADER = "$(TEST_HOST)";
				CODE_SIGN_STYLE = Automatic;
				CURRENT_PROJECT_VERSION = 1;
				DEVELOPMENT_TEAM = UQ35W3765Z;
				GENERATE_INFOPLIST_FILE = YES;
				IPHONEOS_DEPLOYMENT_TARGET = 18.4;
				MARKETING_VERSION = 1.0;
				PRODUCT_BUNDLE_IDENTIFIER = com.coo.CooNetworkTests;
				PRODUCT_NAME = "$(TARGET_NAME)";
				SWIFT_EMIT_LOC_STRINGS = NO;
				SWIFT_VERSION = 5.0;
				TARGETED_DEVICE_FAMILY = "1,2";
				TEST_HOST = "$(BUILT_PRODUCTS_DIR)/CooNetwork.app/$(BUNDLE_EXECUTABLE_FOLDER_PATH)/CooNetwork";
			};
			name = Release;
		};
		FB78FC6D2E015421008A96E6 /* Debug */ = {
			isa = XCBuildConfiguration;
			buildSettings = {
				CODE_SIGN_STYLE = Automatic;
				CURRENT_PROJECT_VERSION = 1;
				DEVELOPMENT_TEAM = UQ35W3765Z;
				GENERATE_INFOPLIST_FILE = YES;
				MARKETING_VERSION = 1.0;
				PRODUCT_BUNDLE_IDENTIFIER = com.coo.CooNetworkUITests;
				PRODUCT_NAME = "$(TARGET_NAME)";
				SWIFT_EMIT_LOC_STRINGS = NO;
				SWIFT_VERSION = 5.0;
				TARGETED_DEVICE_FAMILY = "1,2";
				TEST_TARGET_NAME = CooNetwork;
			};
			name = Debug;
		};
		FB78FC6E2E015421008A96E6 /* Release */ = {
			isa = XCBuildConfiguration;
			buildSettings = {
				CODE_SIGN_STYLE = Automatic;
				CURRENT_PROJECT_VERSION = 1;
				DEVELOPMENT_TEAM = UQ35W3765Z;
				GENERATE_INFOPLIST_FILE = YES;
				MARKETING_VERSION = 1.0;
				PRODUCT_BUNDLE_IDENTIFIER = com.coo.CooNetworkUITests;
				PRODUCT_NAME = "$(TARGET_NAME)";
				SWIFT_EMIT_LOC_STRINGS = NO;
				SWIFT_VERSION = 5.0;
				TARGETED_DEVICE_FAMILY = "1,2";
				TEST_TARGET_NAME = CooNetwork;
			};
			name = Release;
		};
/* End XCBuildConfiguration section */

/* Begin XCConfigurationList section */
		FB78FC362E01541E008A96E6 /* Build configuration list for PBXProject "CooNetwork" */ = {
			isa = XCConfigurationList;
			buildConfigurations = (
				FB78FC672E015421008A96E6 /* Debug */,
				FB78FC682E015421008A96E6 /* Release */,
			);
			defaultConfigurationIsVisible = 0;
			defaultConfigurationName = Release;
		};
		FB78FC642E015421008A96E6 /* Build configuration list for PBXNativeTarget "CooNetwork" */ = {
			isa = XCConfigurationList;
			buildConfigurations = (
				FB78FC652E015421008A96E6 /* Debug */,
				FB78FC662E015421008A96E6 /* Release */,
			);
			defaultConfigurationIsVisible = 0;
			defaultConfigurationName = Release;
		};
		FB78FC692E015421008A96E6 /* Build configuration list for PBXNativeTarget "CooNetworkTests" */ = {
			isa = XCConfigurationList;
			buildConfigurations = (
				FB78FC6A2E015421008A96E6 /* Debug */,
				FB78FC6B2E015421008A96E6 /* Release */,
			);
			defaultConfigurationIsVisible = 0;
			defaultConfigurationName = Release;
		};
		FB78FC6C2E015421008A96E6 /* Build configuration list for PBXNativeTarget "CooNetworkUITests" */ = {
			isa = XCConfigurationList;
			buildConfigurations = (
				FB78FC6D2E015421008A96E6 /* Debug */,
				FB78FC6E2E015421008A96E6 /* Release */,
			);
			defaultConfigurationIsVisible = 0;
			defaultConfigurationName = Release;
		};
/* End XCConfigurationList section */
	};
	rootObject = FB78FC332E01541E008A96E6 /* Project object */;
}
